{
  "name": "chesskid-frontendtest",
  "version": "1.0.0",
  "lockfileVersion": 1,
  "requires": true,
  "dependencies": {
    "@vue/devtools-api": {
      "version": "6.0.0-beta.18",
      "resolved": "https://registry.npmjs.org/@vue/devtools-api/-/devtools-api-6.0.0-beta.18.tgz",
      "integrity": "sha512-56vRhO7nXWWFYTx520BQSDlQH5VYpwy62hFDEqi2yHHEBpEqseOP5WYQusq7BEW3DXSY9E9cfPVR5CFtJbKuMg=="
    },
    "vue-composable": {
      "version": "1.0.0-beta.23",
      "resolved": "https://registry.npmjs.org/vue-composable/-/vue-composable-1.0.0-beta.23.tgz",
      "integrity": "sha512-jtlEHcaLbN6ENHIiqABeBmGbtUuUEKCRaByerHudlpEcHTN4B47P/uRcrg93iL1iuWHl9OQeRqkyFIzjCF3MTQ==",
      "requires": {
        "@vue/devtools-api": "^6.0.0-beta.3"
      }
    }
  }
}
